# This file was autogenerated by uv via the following command:
#    uv pip compile artifacts/macos/requirements.in --python-version 3.13 --python-platform aarch64-apple-darwin --only-binary :all: --generate-hashes -o artifacts/macos/requirements.lock
absl-py==2.5.0 \
    --hash=sha256:0c996f25c0490700fadabe6351630f6111534fa0ae252cc6d2014ea3b141135f \
    --hash=sha256:0f17b89f2a4eaaedc4f28c622998aa690564b3012a396a4ffad0821007fe03ba
    # via mujoco
cmeel==0.61.0 \
    --hash=sha256:5fe70c905da45cca02575b37b37f22750eee81b36d288e2fc6231c31a6cf4b35 \
    --hash=sha256:924f04ac525c1e2c4c42963b3a18a423926d019f81a683dfbab18143721963a8
    # via
    #   cmeel-assimp
    #   cmeel-boost
    #   cmeel-console-bridge
    #   cmeel-octomap
    #   cmeel-qhull
    #   cmeel-tinyxml2
    #   cmeel-urdfdom
    #   cmeel-zlib
    #   coal
    #   eigenpy
    #   libcoal
    #   libpinocchio
    #   pin
cmeel-assimp==6.0.5 \
    --hash=sha256:6d81f913e9efc8526a335900325906b85dc57891eeb7ece463714a107f14f63f \
    --hash=sha256:7b5ee36f3027de9b1bd73bd4294b60fed1bbc6c1524f94f64f69f38c5a49bf03 \
    --hash=sha256:840ab4bd398abbec5a612a731bb6f7fdc4e21b2708ae0dc0f99d7ff6d9992624 \
    --hash=sha256:db6fe58f8bd633cb05ab9f390c576a4e774927ed8c343083fad4f939e834bf6e
    # via
    #   coal
    #   libcoal
cmeel-boost==1.89.0 \
    --hash=sha256:00603ac77c1875bae2a6d265dabec46436240d7c2e91d0736e615b58611fc8d3 \
    --hash=sha256:210bd45616ae335cea14f5f61b8b1285e72f45429b2e0f6049ccd8239d71b966 \
    --hash=sha256:2a42ba5886762f273a118dab1399934e217b4429bff0a0c51e8bf3479edd37d2 \
    --hash=sha256:2c4c70dee56fd9caf40459267dcdcbdea891e5ad2e7c431ff07719ea55ba2872 \
    --hash=sha256:2c7840865b31f087a6d011d6f14f5633bcd4792692129f1f001c5e1f196100dc \
    --hash=sha256:2d35dd5a8bc06f75d3c0c1d2db38e700693bf87c7f40a7cbd52af29a51df64c0 \
    --hash=sha256:2e2aaec12844c197fcbfb88cd2e2318592308b4c7393cff581582a7ff50a48d7 \
    --hash=sha256:3253737c8555954b1f1edc5f57d37425a0d05d9d4af8c2db1d165536ae40e121 \
    --hash=sha256:4a57c710fcbc433475d84a57922d350f76545c077c31cf8ae5629f1ad2711bad \
    --hash=sha256:4f829202d6c9eec984c69298246ecf9814fc9561bdf7527f0cc51099fff8ae65 \
    --hash=sha256:4fc5d368240d1055c63d22514b33f8746a453dcd65a25437ad1ac778140885ee \
    --hash=sha256:509729c9a3549753df5b219773fef76b1be90e052089e40a6193d1fea4861f80 \
    --hash=sha256:54e56e050f6c1be42c7c998614e1ac5bedfbfbafe6459958c0f08e0a42775886 \
    --hash=sha256:5602a74998ed6d89466a78e6f684418846c0a90b114431f80efd5327a6aa6564 \
    --hash=sha256:5fc5ec4e11086e5766c57c91a03021b3c1d7a2ea82d8fcf8873af0c027eab563 \
    --hash=sha256:60b890495c38e3ce98d2bb68b03da005c3f0fc5e28965848f2ff6b1bac5d57e2 \
    --hash=sha256:624ff4401f054fd777f89ae81fc1bf2e16a44ccdff0f2a19ecd3ae74a42c8ba9 \
    --hash=sha256:66a7b8a4ef8ccf9e9efb04b0b0b44edf3019d68ed986332fcc4e6918ef87b1b4 \
    --hash=sha256:6e63e3a41ed096d9bc61d4bbe18754e6d8bb81a951df2db84fd655a8d5252ae7 \
    --hash=sha256:6f06143f546983c190957ffc9bdca970661c2d20576d4b4b290f7541bb60923c \
    --hash=sha256:727392d2e98654f08775cd9aca11292fa9006ce6579b6a5180edadf40558ff78 \
    --hash=sha256:73f308ed3d4ba94beb4bd271d3b1f8c0afd9fe050d24e080a392eb6599109004 \
    --hash=sha256:78fd13be11d7c570e67400f5e734cf00787fe268cee7fd6bdde466ffd13e12be \
    --hash=sha256:7b65289d73476e8a28665faa3bfd9c3567053787945395e0ae14796e9ddc6e3f \
    --hash=sha256:7b7f0c174c7a9216cf0221b36bb0bac81e62f9cc1c25a6082474b1dedee9c62e \
    --hash=sha256:7ef14b1e2904059e70260ffeb6e295a9df94d4092c0c623d5b06092d45ccb427 \
    --hash=sha256:7f714d604c9aabe5e8e65324d2051a34c683be260a957ca31f17a16f36575ef9 \
    --hash=sha256:815237b0d012e2ac8e5658469d86c5607bdd453dad46ece6fc9eed34a4361eb3 \
    --hash=sha256:82aaaed1bb6703664f87bc1ec666703ef917ff67baa61491c8796e13853bbd91 \
    --hash=sha256:849308a26b07c268f4b2b68a2a8730ffa82e3dc8569bb016088c542c89117580 \
    --hash=sha256:8b8193d5a07fd5157ac121dbe6d07fedea5200ccac436df891143a74bee6fbc9 \
    --hash=sha256:ab744d059a78df3df17b8d412b19c0d13f94b5c8b044e32a7f8be293f7c168df \
    --hash=sha256:ad20fdf62d41eb74c3cba4c0f8d32d49f40bc2bf0b1fb508d97f63f911f7cece \
    --hash=sha256:ae2c9c2659333bb2313da2debacb7c9a9200e0e9d6099ca8f73d227fa2a7d71e \
    --hash=sha256:b109d58fb3c352e496d3abad409c42547886c58ce362fd488bdddc94752f9f25 \
    --hash=sha256:b6d8b6e3f3de8373b5b174d47b8cd95a013a17d3d226837752b725b27c26e567 \
    --hash=sha256:c2f628b40a6c73be41fd76b8be9ae4ca3ad6010fb496e991a1dee2bb30cdcfbc \
    --hash=sha256:cab231c4c7c9919a8b14548079aa92903d55a677f6c1c4377704a3928ea671a3 \
    --hash=sha256:ced81a026b2c4a6b38ae15ddd9059fc63a0e5d41d4abd0927da52f24d9aefc94 \
    --hash=sha256:d1b1bcb47c946c70bf9d06ee6a1d48d32993a929d69fd615ea0b7bdef14e7a33 \
    --hash=sha256:e28d4aa61f4b8dbcb6cb83e732e1076fe4f5a3a0d338d73d1c0821944b37a332 \
    --hash=sha256:e5e2765e70470dd01bf3c5972df2f7ee8f49e0be14d7113df8cddfc2bdb22b71 \
    --hash=sha256:e76274a984c3f69bd57bbb8923e8acd68b1e65fe7d73df69393e2a5bca601094 \
    --hash=sha256:eee4d832822bb7f26ea6d9807070ba799dbb286f5c868433d72a87ed8c59873a \
    --hash=sha256:f5c10faf11f1c679a8f756a1b7332dbd7d3d31251e0a36bcdd1b04102632ab57
    # via
    #   coal
    #   eigenpy
    #   libcoal
    #   libpinocchio
    #   pin
cmeel-console-bridge==1.0.2.3 \
    --hash=sha256:2b8d084b797f592942208c2040b08e06b82f8832aa6c5e582ba6f1a4a653505b \
    --hash=sha256:372942e9c44f681bfff377fba25b348801283aa6f3826a00e4195089bda9737a \
    --hash=sha256:3b2837da7ab408e9d1a775c83c0a7772356062b3a3672e4ce247f2da71a8ecd9 \
    --hash=sha256:5bb1115ed38441b2396e732e10ec63d1e68445674f9f5d321f7985eb10e9aeef \
    --hash=sha256:7aa19b2d006073a1fad55d32968c7d0c7136749e06f98405f4f73a71038a5c41 \
    --hash=sha256:9d446c0fc541413d8d2ceea3c1cfb9cbfd57938d6659c113121eca6c245caafe \
    --hash=sha256:c47d8c97cb120feed1c01f30845d16c67e4e8205941e3977951018972b9b8721 \
    --hash=sha256:cad9723ac44ab563cd23bf361b604733623d11847c4edf2a2b4ebd1d984ade09 \
    --hash=sha256:fb6753a9864217d969c4965389d66a476ac978136c03eadf1063b1619c359220
    # via cmeel-urdfdom
cmeel-octomap==1.10.0 \
    --hash=sha256:042b4a21b5e5e19ee78a9a7db78e1b06fb8a287c832031788aec0d3fcabbfecd \
    --hash=sha256:5f86a83f6bd60de290cd327f0374d525328369e76591e3ab2ad1bc0b183678c4 \
    --hash=sha256:5fdb04546fff3accac5f8626c3fc15c3b99e94ab887793565e0b92cedaf96468 \
    --hash=sha256:735c0ad84dacbbcc8c4237f127c57244c236b7d6c7500b5c45a4c225e19daac1 \
    --hash=sha256:76cc42553f54bae97584aaf0c7bc33753ff287e2738aa2ecac4820121101dd46 \
    --hash=sha256:79c15a0ece5ca3746170088ef2a377dfb3df8326fafde9bdba688852219758b9 \
    --hash=sha256:84a7376cfced954bb7e3e347afbd02bdc1c83066b995afbdd0fb1e2d9f57ebec \
    --hash=sha256:b0b54fac180dce4f483afe7029c29cc55f6f2b21be8413e8e2275845b0c204d7 \
    --hash=sha256:bd79d1d17adede534de242e42e13ef0d9f04bdd27daf7d56c57f7c43670c9b05 \
    --hash=sha256:c116eb151920d26ee2b2c1f656cd7526862006739817205f11f9366ab0ef6cb4 \
    --hash=sha256:c8691e665bab7c12b6f51e6c5fbbb83ee6f91dce9d15d9d0387553950e7fb5ee \
    --hash=sha256:d9e6f9c826905e8de632e9df8cc20e59ce2eb5d1e0b368d8d4abbbc5c0829c1a \
    --hash=sha256:e2923bf593ebdafed86b6f3890a122c62fbd9cc9f325d60dbecb72b6b60d78fb
    # via
    #   coal
    #   libcoal
cmeel-qhull==8.0.2.1 \
    --hash=sha256:17f519106df79aed9fc5ec92833d4958d132d23021f02a78a9564cdf83a36c7c \
    --hash=sha256:197c14c2006dbeba8f5a5771700a7afea72c1a441aab7cdeaaf10b4ed8c1137d \
    --hash=sha256:1a49ce7f8492c9a8b49f930e34cce75b5e9b9843b015033dd0a25421441159fc \
    --hash=sha256:20a69cb34b6250aee1f018412989734c9ddcad6ff66717a7c5516fc19f55d5ff \
    --hash=sha256:2371a7c80a14f3e874876359ae3e3094861f081fcdd7a03987c3e880d14e07b9 \
    --hash=sha256:33a0169f4ee37d093c450195b0ef73d4fe0d9d62abb7899ebe79f778b36e1f36 \
    --hash=sha256:39f5183a6e026754c3c043239bac005bf1825240d72e1d8fdf090a0f3ea27307 \
    --hash=sha256:68e8d41d95f61830f2d460af1e4d760f0dbe4d46413d7c736f0ed701153ebe52 \
    --hash=sha256:886d1be24b31842286ae42755af5c312a43a4199632826e4110185ec36dc5c6a \
    --hash=sha256:a577e76ac94d128f2966b137ead9f088749513df63749728e2b588f4564b7fdf \
    --hash=sha256:b5d47b113c1cb8f519bc813cf015d0d01f8ce5b08912733a24a6018f7caa6e96 \
    --hash=sha256:c513abafa40e2b8eb7cd3640e3f92d5391fbd6ec0f4182dbf9536934d8a8ea3e \
    --hash=sha256:f135c5a4f4c8ed53f061bc86b794aaca2c0c34761c9269c06b71329c9da56f82 \
    --hash=sha256:fd0b2d4ce749b102c3cdead4588249befd34f1a660628f6bfc090ce942925aac
    # via
    #   coal
    #   libcoal
cmeel-tinyxml2==10.0.0 \
    --hash=sha256:00252aefc1c94a55b89f25ad08ee79fda2da8d1d94703e051598ddb52a9088fe \
    --hash=sha256:26a1eb30c2a00bfc172e89ed015a18b8efb2b383546252ca8859574aed684686 \
    --hash=sha256:30993fffb7032a45d5d3b1e5670cb879dad667a13144cd68c8f4e0371a8a3d2e \
    --hash=sha256:3bd511d6d0758224efdebc23d3ead6e94f0755b04141ebf7d5493377829e8332 \
    --hash=sha256:53d86e02864c712f51f9a9adfcd8b6046b2ed51d44a0c34a8438d93b72b48325 \
    --hash=sha256:74112e2e9473afbf6ee2d25c9942553e9f6a40465e714533db72db48bc7658e1 \
    --hash=sha256:8c09ede51784af54211a6225884dc7ddbb02ea1681656d173060c7ad2a5b9a3c \
    --hash=sha256:924499bb1b60b9a17bd001d12a9af88ddbee4ca888638ae684ba7f0f3ce49e87 \
    --hash=sha256:ecd6e99caa2a06ac0d4b333b740c20fca526d0ca426f99eb5c0a0039117afdb6
    # via
    #   -r artifacts/macos/requirements.in
    #   cmeel-urdfdom
cmeel-urdfdom==4.0.1 \
    --hash=sha256:00a0aba78b68c428b27abeed1db58d73e65319ed966911a0e97b37367442e756 \
    --hash=sha256:12e39fc388c077d79fc9b3841d3d972a1da90b90de754d3363194c1540e18abf \
    --hash=sha256:2de69f47e8312cc09157624802d5bdaad6406443f863fb4b9ec62a19b4de3c72 \
    --hash=sha256:2e3f41e8483889e195b574acb326a4464cf11a3c0a8724031ac28bcda2223efc \
    --hash=sha256:2fe56939c6b47f6ec57021aac154123da47ecdcd79a217f3a5e3c4b705a07dee \
    --hash=sha256:4c4f44270971b3d05c45a4e21b1fb2df7e05a750363ae918f59532bff0bfe0e1 \
    --hash=sha256:7708c1402de450fbeab21f7ca264a9a4676ed4c1cdf8d84d840bc5d057aac920 \
    --hash=sha256:7a52eb36950ce982014d99a55717ca29985da056e3705f20746f15d3244c1f7a \
    --hash=sha256:9f3b9c80b10d7246821ff61c2573f799e3da23d483e6f7367ddcad8a48baf58f \
    --hash=sha256:a701a8f9671331f11b18ecf37a6537db546a21e6a0e5d0ff53341fea0693ed7f \
    --hash=sha256:c4a83925df1d5923c4485c3eb2b80b3a61b14f119ab724fb5bd04cec494690ee \
    --hash=sha256:f7535158f45992eb2ba79e90d9db1bf9adc3846d9c7ed3e7a8c1c4d5343afa37 \
    --hash=sha256:fef2a01a00d61d41b3d35dd4958bba973e9025c26eea1d3c9880932f4dba89a5
    # via
    #   -r artifacts/macos/requirements.in
    #   libpinocchio
    #   pin
cmeel-zlib==1.3.2 \
    --hash=sha256:06cbf60a361ca18e8a4c46a238149cebcaf955047a60830705e130aa397b5116 \
    --hash=sha256:2a3425a65a0adf0ddbb48d41204a0d9c13197bd693f7821d1450e8a969d77352 \
    --hash=sha256:3b07fb7e28aaa917e6accb59a29dd0f5c1d272d42988f32ba2c232f5f455be4c \
    --hash=sha256:4658000c5531273d14ca8f0250abcd2a2ad85b336f10a273a77ecb38611a5f5a \
    --hash=sha256:6e31f2956c334de9a7e19a4e4f8eed030ed8c8016c841ea57226ce8bed443712 \
    --hash=sha256:88a89882340391aa263ed1f7448fe0177e6fb9b93740cad381228437879f16a9 \
    --hash=sha256:94a2f1adcc811617eab849b5771e608fa20e2fc44fb8cbd2e56a3e4d496461c1
    # via cmeel-assimp
coal==3.0.2 \
    --hash=sha256:0ace60c318420dada69db7b8d12a55a5f67fd66ae8c5767d8705b849f826d529 \
    --hash=sha256:1027e59bf17a0c4264e4fd2a87a1b7415e93fbbda94375e1ab7c001195dc1400 \
    --hash=sha256:1b76ab4101a779482dd25cf90ac66f81d6b90941ef5a559a6227053ff9d65f60 \
    --hash=sha256:38a10d82120768bd618227c102b958bf3d3d647269e3e5736d947285027a1449 \
    --hash=sha256:41c1e84d3b6050892250287aa750d0f1d791abf0819b0a30a4eeb24f141b6741 \
    --hash=sha256:4a840b976f445455dde40f68e0e808daee9a3343dacf9a95ba98ea5c1f8c5995 \
    --hash=sha256:59ebb247b091dd7e97035d860e5a929ab04d4a3449d1cb30ed0a0c24aad3e705 \
    --hash=sha256:69b028b281fb0417a0dbeaa5a59c916ba5b04e037b717b0861da50f60ee81ad7 \
    --hash=sha256:6d97c0137b22a41e03090d044824596f76ccc065407f6fc538af7aedb2995306 \
    --hash=sha256:7ca3f961fe72962b543894492efb33ee71bdc1091d93b87dc6988cdf0d4dedca \
    --hash=sha256:89af2fcc4f74474487e8e42ced4a2222db81ec50d27f0f9482fec9ca6309cad4 \
    --hash=sha256:8d43e3c61bc96068e561a924af0f2190490292e5b8b9af99ce5bb6e417a0b6c3 \
    --hash=sha256:936161b2bb5096af101b51aaebdf3deeb21876e7d4c42db3cd029a692812e333 \
    --hash=sha256:93db1e2f076ba678c494f3e2d36aa3695324427412bf78c9c7f276572f4e0827 \
    --hash=sha256:ae569844c064863ff0e84c338c4a32f4993a5a1ee3d6d76304369a7e47d2b4a0 \
    --hash=sha256:bb21e74d9071f87629026c1177b3c346145630869dc136cc4704899f3dfbf9db \
    --hash=sha256:c6c41f611de31024064dd6714ce9a62dbaf16c879b7cae8ed75ff803be35177c \
    --hash=sha256:c72b84d5eb5e01324ce4b6b368fdf231a869916d6b68180e5db99dad42e29859 \
    --hash=sha256:d279c77926838cb5d60c4fb96dcd96d5773462c86ace43705a9d872d000650e3 \
    --hash=sha256:d6ab1c6961df4a5064b51bc8c76db05a16b03fcd1977f7d2fffe1c8dc5f4d3c3 \
    --hash=sha256:df9bb9ea76f6df5dbaabb3b07dd82437e295c13e420f063238bb9fc058059dc3 \
    --hash=sha256:e00e0ab0306c6db3ca5cd9ee70287fe8e457dba63439318d108806da67761213 \
    --hash=sha256:e9358b17ea61c1041bd9b4498eed0864192be3b15c572a48760107f027ea9ac5 \
    --hash=sha256:eab5b68f1e25babd10a5d788bdce2ae61196c3e548c900ff8d060462e60e5194 \
    --hash=sha256:ee24e2118bae43ec5abee45e1d228da3355dde10050db574be6f5b9eb9834bab
    # via pin
eigenpy==3.12.0 \
    --hash=sha256:15e7f3f7b4d099fc942fc5a14157022d2314aebf146fd63b927d5c339a7b0d01 \
    --hash=sha256:165323fea20b17d5fc2d81c606a32ae85b4af0cd4b08e0f860efdb8cefd1766c \
    --hash=sha256:17c3df16edd597f0cb32616af9bd7331b82772b376d559d948e57dec85ac1edd \
    --hash=sha256:1af9e6a14a5ddeeff19698b0c47db029d19601ce8246dd68f6038271801a2d3e \
    --hash=sha256:1b27737ffceee5915c88b408821ec3e64d1d409abf1c02ed3617cd949773cafa \
    --hash=sha256:1b352829acfb6afec73e2cdb6ffd78c3484ccdde60e2dbe2d8c657d31353e45f \
    --hash=sha256:27525792572d6d2cdc7dc407b253280b7f52b9b4dda900ad9cc4b27879e251f2 \
    --hash=sha256:28f86a46c4de3b41fb151efe0f04d76edcbcaf6bceb3f416ffa7b272c212c424 \
    --hash=sha256:291c21c38a1faeb1823e6f821be1910b7751e0fecf12047217f98c3ab748183b \
    --hash=sha256:2e6f43554f88ff02f29480dcb278093494f4701f9a823820b98fa20c82a3d963 \
    --hash=sha256:37c05f8431f9edbd5db2ab04a01d004b894929b70c6faea0f80004f97ddb2e1f \
    --hash=sha256:3ed6ff1ab3c77932a5619db33c4b34945608692111a48cf7ed12e844ea495218 \
    --hash=sha256:40b538fe33499d1876149999dfb4d2e9ac5bab3bd3ad0d64da12c718373a094f \
    --hash=sha256:42e2bfd63338e4357cd0edff072b0c612fcdb8dbd89b811feba701a9cf909d0a \
    --hash=sha256:4537fcc048f45e8a5ada205d0cc8798c558f34500153dc0e33862669150cd0f7 \
    --hash=sha256:52a553e12dd79ae2cd3182dd5e595dcca6ab925b749dd303cce899151bd59085 \
    --hash=sha256:54cb321401766e0e8df5870f9a497d1a74e23963d74c49df569b6cd6728ceb14 \
    --hash=sha256:560886481b2e38a0a7796f3e93c6e6e707c677f504e8cc723773e4a9f22299dd \
    --hash=sha256:5d94b52d087d9f317e1029a48cdf170bfca7f0e1c10581b4ce79b1d067fc5e1a \
    --hash=sha256:6d660cd9ebdff808f4e9d49027e9ae5621d19de069deef67ef226e5d48cdcfb2 \
    --hash=sha256:6e419f03d8a6e2f86a72c22950d16514c065fdfeca909afe70467c0728271162 \
    --hash=sha256:8c1a82275bf1b478b7c201ac260e2d48c8da14ff568deeafcb8d37ef8bf798ec \
    --hash=sha256:8f43adceaf0f53767d974b21f822d8c9d2854e7c868e3dcfb0e5ca25c54e2281 \
    --hash=sha256:96f5cf42a3fa538a0b7672c36e295c8f63a022bcbf5acdc9a127cc1189f151aa \
    --hash=sha256:9a032ccee69712b4c0697034441960a2853f53d0f05bf5b5e29484d7c670d472 \
    --hash=sha256:9b842736a5d554692827ff02429a5f927bfbb84df9cf7de86eab86ae7733d315 \
    --hash=sha256:9bd338f32475af374c55e1803cc5e7936cc3fccf172cbb01623b846d270d8294 \
    --hash=sha256:a3e993c2adc4029673d0578dadec20c5a683c3de5b7768abf98129767e57c40a \
    --hash=sha256:a59d2b8e3e2cc01370cb7ceff76102972b0c8369d4cdcb8b5f0c95d8860d4dcf \
    --hash=sha256:a7dfba3f0b45b7e5affbe8a460dd3e80fa67fa8dd20286a0f6acf0429f2ae900 \
    --hash=sha256:a90025bb6986860e6cdb50e5dbc05b55aa7e71bff503e214a3d24842ff15da02 \
    --hash=sha256:aba17652f7f5b376dc97c70b48bcbdc4fc25213d881f127901ca20f18e3e2224 \
    --hash=sha256:b2a5cab1c2b7cb6cc0c798170687e168644d44988492e65b0f0ab522bda7f6a8 \
    --hash=sha256:bc07393614887dbcb30c476f9b0f271304e9803502ed6b9a43b3a1db96ebaacd \
    --hash=sha256:bd50b2a708201d439987cf55e224eb0a9656f7d1383a06f7175926aa0a8b1971 \
    --hash=sha256:c5cbbee1f043baed9900a99918fb4326151be0145f793f8129fd1b0b938f2974 \
    --hash=sha256:e10c04912483bb43cb3c49cf51d73138417383475b113cc4e96c426ba6925d11 \
    --hash=sha256:e88ee2013e4f81adcb041850e60dc63bd85a2bcdefd3dbf8168f6141dfdc3174 \
    --hash=sha256:e9d07219df1e61e45db6e42001697c5637743b3ad3e0bfcf069fc94c5fab218d \
    --hash=sha256:ef20ea5021e54790aa3a1be0f8fa24978ba7f34b4a7bb2fcf6d61e0f27572f95 \
    --hash=sha256:f579f3b23754f2156b43f27906481bc00fd46030c4e061e8e770cd02aacc3d88 \
    --hash=sha256:f7d4fd7db04df9513fbdfff443aa4fe11a83b14dbef1d03992d94cffb9a905fe \
    --hash=sha256:f9f53a5df469acbcf7055a36d5c5fe3581faa1b0468e3c78919dcc92233fcde4 \
    --hash=sha256:fd337ed66182e9afd5deb847edda7e0b0cb173b6a28d3123c375634f10888b3a \
    --hash=sha256:fda5e71f972af7790a8a0935ec0efafb386ab8293b9cb187e05b89f68cc964d3
    # via coal
etils==1.14.0 \
    --hash=sha256:8136e7f4c4173cd0af0ca5481c4475152f0b8686192951eefa60ee8711e1ede4 \
    --hash=sha256:b5df7341f54dbe1405a4450b2741207b4a8c279780402b45f87202b94dfc52b4
    # via mujoco
fsspec==2026.7.0 \
    --hash=sha256:b57ddbafedfaef7018c1ecab32aa200a9d7ca26b77965f64e48b70061249d279 \
    --hash=sha256:c803c40f4cf860b49dea58ee3e1c33cb9c790520e233537e1340049f89b82a88
    # via etils
glfw==2.10.2 \
    --hash=sha256:0ffe2b48b51f37b05e8f027f57c0b8cd213affaf22fc83401bd9621692d4c6c8 \
    --hash=sha256:15fd0666cd8f1b0ecb535c3abb712b8ddda053bf8d16de2353b1c6ced0e65402 \
    --hash=sha256:5d2cf97c66bc42a6b583be0e307eae5a3945438322e2ed0c5e4f14dc251d693d \
    --hash=sha256:7604425ec95665cc6a25c3ed7d07e9660d394a34472ceffaec0843c844e7b649 \
    --hash=sha256:82daf1f87b2a48815637dc6f6720d4a55a57ba1d3683322dc20dc28065754f97 \
    --hash=sha256:a04d25bb535a3a29e173ea1abd658e161681b5d3816e00bc51c122f74cd7fa3a \
    --hash=sha256:a94aefe8c48886fd83cd6e11e936846166a4b5b94abf1f4bf599d984774b0b1b \
    --hash=sha256:b860de3ca0686182483f98f3ddd12e660acf25b3e0d521450ec9a3f999f72a65 \
    --hash=sha256:c000b8a5e5fb4374b2c18d12347255ccb92001b9bcf80ef74c56072acbb98fe3
    # via mujoco
libcoal==3.0.2 \
    --hash=sha256:16702fdd13942080c42c9565eb1b692618ce4456192a5bc497c585f9142138e5 \
    --hash=sha256:1d48cfdce1157d4b89cf6a7215fc1b1e120d54c4a8d975cd9f45f2c8cedec275 \
    --hash=sha256:527c710c6215936f1a4b99ca1d01b4bb15c6b52980fa96cfa5f1fd1a7ef12393 \
    --hash=sha256:c4ca3fec02386e5c8ccc81030c44e74a546b06059886ce04bb6c16fe4628e9ba \
    --hash=sha256:ed45722c07a3d23a346211f837856549dce11167928743eb6c73bcf17a369dd6
    # via
    #   coal
    #   libpinocchio
libpinocchio==3.9.0 \
    --hash=sha256:240797d4e9f1e1c24eb45c566bd4045e8f585c6d6d0463ddcca1af9ccfa0ebc2 \
    --hash=sha256:3861d2bb20bce14be83a086bcfd1aa2b506ed57742e6f89e125b5bf916246cc1 \
    --hash=sha256:398080342b4acef4f3367282bdcd22d9ec17568ead379cc70b4d01bc7e929a18 \
    --hash=sha256:54e7a1ddfabd29831c5b4012feeb40bc37693300e68bece71548ee99c73f0b1a \
    --hash=sha256:fc816614fbaa3fbd78dd67aec39edab54b7ed26eb707b582687175ec1a554b1a
    # via pin
mujoco==3.4.0 \
    --hash=sha256:00088b3879cff675b0bad2ddaf27f1088d7d35f020903c25088c43360adcc311 \
    --hash=sha256:06cd3366b9548b251c3170c9b073e41a9f4a621b4f7e59ceb5fee8c46f6165ca \
    --hash=sha256:0918ff57a92ba00a95538bf6f0c67973044953bb090b9fd811f9ee6cda4ffcb8 \
    --hash=sha256:10314213c395aedeaf2778596e78dd9ae01d74dc92d4f75c696707781d59826a \
    --hash=sha256:1b2b8a75ea191ae577bfa2385ca6ecd6328f37f6f46bc3cfb41835b2653f716a \
    --hash=sha256:1efdab2b146cdbcef4560606b6cbc74abe80f2b94a8593a5cdc469172085a2b3 \
    --hash=sha256:339800c695166c8041cdef95ea5384fc607ad1b86c19528c785a17ed742c3a5e \
    --hash=sha256:345fb5adb4e9c1c108aab2ff8418280edf61cec5b705c483eae680c4cf350898 \
    --hash=sha256:5a6dc6b7db41eb0ab8724cd477bd0316ba4b53debfc2d80a2d6f444a116fb8d2 \
    --hash=sha256:7960cf47b4ed274955280200a812e6d780f03707d5258b42c3afb249051216ee \
    --hash=sha256:7edaffb223cf1343ed980030c466170eb8f9d624cf69c9a99925cbce371f22db \
    --hash=sha256:87a68d063d06d261e83755093e79371901b6a8171b0b8b88dcb020f966d4e463 \
    --hash=sha256:8e5a36e61495be2a855f61194813e1277ab4b330cc180e50c8e3c7a459dc40b6 \
    --hash=sha256:96bccc995fc561078b5cac1e53f8ba2ba8619348bc0c6cff15bbf6f9a441d220 \
    --hash=sha256:98d3ab7b02d99ac2866bb111807797549853d6ddf485ddc072cec3c1d33dfad8 \
    --hash=sha256:b456e1d6c3ca7010480d52f7645e49f4b564952063c5a52af1524e226ea72920 \
    --hash=sha256:b7ae8a534ecf6afab3abab3dc0718ea47f89a2e2f096905870cbf5faf23076c3 \
    --hash=sha256:c01a842a17c0229dce2fb65a051a8e6ee5f5307c50c825c850e3702dda4344e6 \
    --hash=sha256:c0b3dce70abdd0ac6475bb8040d7d97a4e3ccf5f6a00cc06086b7a169e246522 \
    --hash=sha256:e0ab4a450826ca04db11608325b37adf77dee4cde2a9dd9d43e6fa46c44545a9 \
    --hash=sha256:ffe79a1476767806318b7dfbbb642e428b873385fb2d2f06e69d461459d01ed1
    # via -r artifacts/macos/requirements.in
numpy==2.3.5 \
    --hash=sha256:00dc4e846108a382c5869e77c6ed514394bdeb3403461d25a829711041217d5b \
    --hash=sha256:0472f11f6ec23a74a906a00b48a4dcf3849209696dff7c189714511268d103ae \
    --hash=sha256:04822c00b5fd0323c8166d66c701dc31b7fbd252c100acd708c48f763968d6a3 \
    --hash=sha256:052e8c42e0c49d2575621c158934920524f6c5da05a1d3b9bab5d8e259e045f0 \
    --hash=sha256:09a1bea522b25109bf8e6f3027bd810f7c1085c64a0c7ce050c1676ad0ba010b \
    --hash=sha256:0cd00b7b36e35398fa2d16af7b907b65304ef8bb4817a550e06e5012929830fa \
    --hash=sha256:0d8163f43acde9a73c2a33605353a4f1bc4798745a8b1d73183b28e5b435ae28 \
    --hash=sha256:1062fde1dcf469571705945b0f221b73928f34a20c904ffb45db101907c3454e \
    --hash=sha256:11e06aa0af8c0f05104d56450d6093ee639e15f24ecf62d417329d06e522e017 \
    --hash=sha256:17531366a2e3a9e30762c000f2c43a9aaa05728712e25c11ce1dbe700c53ad41 \
    --hash=sha256:1978155dd49972084bd6ef388d66ab70f0c323ddee6f693d539376498720fb7e \
    --hash=sha256:1ed1ec893cff7040a02c8aa1c8611b94d395590d553f6b53629a4461dc7f7b63 \
    --hash=sha256:2dcd0808a421a482a080f89859a18beb0b3d1e905b81e617a188bd80422d62e9 \
    --hash=sha256:2e2eb32ddb9ccb817d620ac1d8dae7c3f641c1e5f55f531a33e8ab97960a75b8 \
    --hash=sha256:2feae0d2c91d46e59fcd62784a3a83b3fb677fead592ce51b5a6fbb4f95965ff \
    --hash=sha256:3095bdb8dd297e5920b010e96134ed91d852d81d490e787beca7e35ae1d89cf7 \
    --hash=sha256:30bc11310e8153ca664b14c5f1b73e94bd0503681fcf136a163de856f3a50139 \
    --hash=sha256:3101e5177d114a593d79dd79658650fe28b5a0d8abeb8ce6f437c0e6df5be1a4 \
    --hash=sha256:396084a36abdb603546b119d96528c2f6263921c50df3c8fd7cb28873a237748 \
    --hash=sha256:3997b5b3c9a771e157f9aae01dd579ee35ad7109be18db0e85dbdbe1de06e952 \
    --hash=sha256:414802f3b97f3c1eef41e530aaba3b3c1620649871d8cb38c6eaff034c2e16bd \
    --hash=sha256:51c1e14eb1e154ebd80e860722f9e6ed6ec89714ad2db2d3aa33c31d7c12179b \
    --hash=sha256:51c55fe3451421f3a6ef9a9c1439e82101c57a2c9eab9feb196a62b1a10b58ce \
    --hash=sha256:5ee6609ac3604fa7780e30a03e5e241a7956f8e2fcfe547d51e3afa5247ac47f \
    --hash=sha256:612a95a17655e213502f60cfb9bf9408efdc9eb1d5f50535cc6eb365d11b42b5 \
    --hash=sha256:6203fdf9f3dc5bdaed7319ad8698e685c7a3be10819f41d32a0723e611733b42 \
    --hash=sha256:63c0e9e7eea69588479ebf4a8a270d5ac22763cc5854e9a7eae952a3908103f7 \
    --hash=sha256:66f85ce62c70b843bab1fb14a05d5737741e74e28c7b8b5a064de10142fad248 \
    --hash=sha256:6cf9b429b21df6b99f4dee7a1218b8b7ffbbe7df8764dc0bd60ce8a0708fed1e \
    --hash=sha256:70b37199913c1bd300ff6e2693316c6f869c7ee16378faf10e4f5e3275b299c3 \
    --hash=sha256:727fd05b57df37dc0bcf1a27767a3d9a78cbbc92822445f32cc3436ba797337b \
    --hash=sha256:74ae7b798248fe62021dbf3c914245ad45d1a6b0cb4a29ecb4b31d0bfbc4cc3e \
    --hash=sha256:784db1dcdab56bf0517743e746dfb0f885fc68d948aba86eeec2cba234bdf1c0 \
    --hash=sha256:86945f2ee6d10cdfd67bcb4069c1662dd711f7e2a4343db5cecec06b87cf31aa \
    --hash=sha256:86d835afea1eaa143012a2d7a3f45a3adce2d7adc8b4961f0b362214d800846a \
    --hash=sha256:872a5cf366aec6bb1147336480fef14c9164b154aeb6542327de4970282cd2f5 \
    --hash=sha256:8b973c57ff8e184109db042c842423ff4f60446239bd585a5131cc47f06f789d \
    --hash=sha256:8cba086a43d54ca804ce711b2a940b16e452807acebe7852ff327f1ecd49b0d4 \
    --hash=sha256:8f7f0e05112916223d3f438f293abf0727e1181b5983f413dfa2fefc4098245c \
    --hash=sha256:900218e456384ea676e24ea6a0417f030a3b07306d29d7ad843957b40a9d8d52 \
    --hash=sha256:93eebbcf1aafdf7e2ddd44c2923e2672e1010bddc014138b229e49725b4d6be5 \
    --hash=sha256:9c75442b2209b8470d6d5d8b1c25714270686f14c749028d2199c54e29f20b4d \
    --hash=sha256:9ee2197ef8c4f0dfe405d835f3b6a14f5fee7782b5de51ba06fb65fc9b36e9f1 \
    --hash=sha256:a414504bef8945eae5f2d7cb7be2d4af77c5d1cb5e20b296c2c25b61dff2900c \
    --hash=sha256:a4b9159734b326535f4dd01d947f919c6eefd2d9827466a696c44ced82dfbc18 \
    --hash=sha256:a80afd79f45f3c4a7d341f13acbe058d1ca8ac017c165d3fa0d3de6bc1a079d7 \
    --hash=sha256:aa5bc7c5d59d831d9773d1170acac7893ce3a5e130540605770ade83280e7188 \
    --hash=sha256:acfd89508504a19ed06ef963ad544ec6664518c863436306153e13e94605c218 \
    --hash=sha256:aeffcab3d4b43712bb7a60b65f6044d444e75e563ff6180af8f98dd4b905dfd2 \
    --hash=sha256:afaffc4393205524af9dfa400fa250143a6c3bc646c08c9f5e25a9f4b4d6a903 \
    --hash=sha256:b0c7088a73aef3d687c4deef8452a3ac7c1be4e29ed8bf3b366c8111128ac60c \
    --hash=sha256:b46b4ec24f7293f23adcd2d146960559aaf8020213de8ad1909dba6c013bf89c \
    --hash=sha256:b501b5fa195cc9e24fe102f21ec0a44dffc231d2af79950b451e0d99cea02234 \
    --hash=sha256:bf06bc2af43fa8d32d30fae16ad965663e966b1a3202ed407b84c989c3221e82 \
    --hash=sha256:c804e3a5aba5460c73955c955bdbd5c08c354954e9270a2c1565f62e866bdc39 \
    --hash=sha256:c8a9958e88b65c3b27e22ca2a076311636850b612d6bbfb76e8d156aacde2aaf \
    --hash=sha256:cc0a57f895b96ec78969c34f682c602bf8da1a0270b09bc65673df2e7638ec20 \
    --hash=sha256:cc8920d2ec5fa99875b670bb86ddeb21e295cb07aa331810d9e486e0b969d946 \
    --hash=sha256:ccc933afd4d20aad3c00bcef049cb40049f7f196e0397f1109dba6fed63267b0 \
    --hash=sha256:ce581db493ea1a96c0556360ede6607496e8bf9b3a8efa66e06477267bc831e9 \
    --hash=sha256:d0f23b44f57077c1ede8c5f26b30f706498b4862d3ff0a7298b8411dd2f043ff \
    --hash=sha256:d21644de1b609825ede2f48be98dfde4656aefc713654eeee280e37cadc4e0ad \
    --hash=sha256:d6889ec4ec662a1a37eb4b4fb26b6100841804dac55bd9df579e326cdc146227 \
    --hash=sha256:de5672f4a7b200c15a4127042170a694d4df43c992948f5e1af57f0174beed10 \
    --hash=sha256:e6a0bc88393d65807d751a614207b7129a310ca4fe76a74e5c7da5fa5671417e \
    --hash=sha256:ed89927b86296067b4f81f108a2271d8926467a8868e554eaf370fc27fa3ccaf \
    --hash=sha256:ee3888d9ff7c14604052b2ca5535a30216aa0a58e948cdd3eeb8d3415f638769 \
    --hash=sha256:f0963b55cdd70fad460fa4c1341f12f976bb26cb66021a5580329bd498988310 \
    --hash=sha256:f16417ec91f12f814b10bafe79ef77e70113a2f5f7018640e7425ff979253425 \
    --hash=sha256:f28620fe26bee16243be2b7b874da327312240a7cdc38b769a697578d2100013 \
    --hash=sha256:f4255143f5160d0de972d28c8f9665d882b5f61309d8362fdd3e103cf7bf010c \
    --hash=sha256:ffac52f28a7849ad7576293c0cb7b9f08304e8f7d738a8cb8a90ec4c55a998eb \
    --hash=sha256:ffe22d2b05504f786c867c8395de703937f934272eb67586817b46188b4ded6d \
    --hash=sha256:fffe29a1ef00883599d1dc2c51aa2e5d80afe49523c261a74933df395c15c520
    # via
    #   -r artifacts/macos/requirements.in
    #   cmeel-boost
    #   mujoco
pin==3.9.0 \
    --hash=sha256:0209d3fafe20704e4e934316804b1b29715636f7587689c51cf9b30fd4e3d6ae \
    --hash=sha256:1137b2eaa7725f20c2e0fa43defa13a16b51370463d4dd6e177d1358c486c65e \
    --hash=sha256:143695b7c2a1366263a50dd7d071dc6570293195e29d2365d86fc74e127456a8 \
    --hash=sha256:2284831c16cb0950888ea2b9a779887ee5adaddb2ed71c53cb2980815c56e4a0 \
    --hash=sha256:27f5c426d257d741e96856c72bb66cb3a6e8e4b9d318f3b04253ef22537b803f \
    --hash=sha256:30ccbbeaae54dc417779e93dad7e12026bc1a4bdf69c84b753bf3a47996a6ae2 \
    --hash=sha256:38a328edffe5234b84ae3a831e304b45e14877121a161f1fe4a177457387eb92 \
    --hash=sha256:40ebfe41106574520ffa5f7b64abac706b82e49cf6df133161bf6953db0c760a \
    --hash=sha256:4734f276a8c674dc08b778d33c19283e153f91b4ced36a449ee429a1de0c111b \
    --hash=sha256:4b9294aa8025cc9868c210f75dd68cdc7229c696d7e3119d1fe32cb2ccfe1de8 \
    --hash=sha256:6b8221e89b073fc37d110a052b1aff644d33eab59761f30762d6aec06599ba5f \
    --hash=sha256:768015dfbbb80d855402b131aef263785df3737d5917e84cf0e81e91c2d8c05d \
    --hash=sha256:7b5058360ba8e085273181f818e45e9dd9581842c9e0e7b2972389b657ae78c2 \
    --hash=sha256:83127bd28b05163a50ae8b878be531861abd278c7c9bc1e40908fae09bb10322 \
    --hash=sha256:8380406628cf3fa7d9b244720b287f093bb0afc764f8c7d4f0f98a6a0fbfd612 \
    --hash=sha256:96669f4696dd9696ec0f22cb4bd8a5b4a94efed014bc804e1b69d5a891ce3e6d \
    --hash=sha256:bb9f5ac9d991e7b6ffb4b7d9728049bad7360822d94d586495c50cdef37cabac \
    --hash=sha256:bcc9b8fea09461e525b9b619bfcf930160ad5fd446e35c6ddaa74f39fef5d5dd \
    --hash=sha256:c4fcaf230dbbf01ba2039a4c118bc1b1e7cf6e95f33f43680164d3952ac8a96f \
    --hash=sha256:de23d1dc86671f1b64df2d736a52123592d20e2d330317df8af08298f2a99993 \
    --hash=sha256:de4409b6d0585f611efd8c3294c99a157ab89422373701e99d6571c53a631698 \
    --hash=sha256:dedd068e93b8e67b24a15f367c1a50aa8fe9c5c1a069439f0d3d457abdf020d8 \
    --hash=sha256:e3bb060c44cdb7760aacb154ec378788a0b177e78300cad1f48f8ae4c936e9b7 \
    --hash=sha256:ec680bccc44eb347e8a91bc079b467e7e9228b66fcffb34c79fb71f62c441046 \
    --hash=sha256:f7517cf3cf3285a9854896eb4cb7bd12270d94bfbf8af1c715398627004ea2d5
    # via -r artifacts/macos/requirements.in
pyopengl==3.1.10 \
    --hash=sha256:794a943daced39300879e4e47bd94525280685f42dbb5a998d336cfff151d74f \
    --hash=sha256:c4a02d6866b54eb119c8e9b3fb04fa835a95ab802dd96607ab4cdb0012df8335
    # via mujoco
ruckig==0.19.4 \
    --hash=sha256:0ce3d7f701ba26eed841561ba2ed1a1804087afc1e996e83b5cd85bf6632e6c4 \
    --hash=sha256:1a32ad56149f34783728f08da67b088ffacc2074f247946da7d83f265af35e82 \
    --hash=sha256:2566a9cb27d3379d113696e5d885c6a3b3a6e10dce2503598aa1b317d8b5cfb6 \
    --hash=sha256:28d96e84fb600d15bbfaa2ce5c73f7a33e42b396ff3e700293557a52f1d2bcb3 \
    --hash=sha256:2a54d6e271fbcba67db9a3291e823ee5f6bbc15e33b328376282f1ff5256b000 \
    --hash=sha256:31e94f695b74f1c01a533256354428365627a0ce5d78d8f8588eaf5a9f067e61 \
    --hash=sha256:347ad72d2003886c55a4c772ae686e82d808c2d9afb99318c287d3c0e24bf12e \
    --hash=sha256:418bd43087271579b4799f5c5d09a32ee9cda73b890bd6d163a130d75b6ba4f3 \
    --hash=sha256:43d3d004d3cbec7913dbb48d78349ba11d0c25437257f1aee0fa4a6ddfc33e80 \
    --hash=sha256:45a0d6eda72e8515a7fea4d77a8794671077b9f350c2adcf65352072472d72c3 \
    --hash=sha256:4adc97fdaca33021f311d71925411e79d6fb41e6123b01dd797465111f9a8488 \
    --hash=sha256:4b36110e4fb18c54db6308c9b3e9ed7a16559d90e640a4fdea4e25d37acbc0f2 \
    --hash=sha256:4d70b25314d26f8740b7c350f0707ce4d322a108bc559c8b30091d207d4f4812 \
    --hash=sha256:5640da60eaf7746942eac6c11a7f0d0ca86a66e3270e7b0fffdedcc1c125a18c \
    --hash=sha256:5da10e46cfc6d2e769e4d025e4992dfc1b1dececa4a49783f062ff732653962b \
    --hash=sha256:71d003bf0ff9aa0031d4520b0290a5ffa6458149f5afce8be3ed6d6fba49ea64 \
    --hash=sha256:722ae3304030f10373276535ac46b1b8de1aa76966c78b46da2c6d46a9106bc1 \
    --hash=sha256:7a6566d207f34c1e493be8092669a2c3f4194c80dda71eea86ae45c7fb804f6c \
    --hash=sha256:8406833bbf6fd11f6e6c46ae9290c0a68d6f8abb77590619459e957b66b4c3bc \
    --hash=sha256:881ccba8f98dee06a4199f680cb8a9a964c7c9b83421c34b5d3b656fabe4918e \
    --hash=sha256:9ca62445749dbcdb1533eb44ef8d434bdd43c33f7e274c9117698221c9c4d620 \
    --hash=sha256:a0315f002d4543c22e611a466e8f4690acef298aca501ce9eda54fd82418f33f \
    --hash=sha256:a353458a177992771edfef9f93baa3701642fd0f852059329e2addbf8686a8cd \
    --hash=sha256:a81a652d2ff1a1d7b74eb2b5e3aca1ae32f3df010a6ff3a5b961430f7b0410c5 \
    --hash=sha256:ac6133b08be5717d58fcb997d4ff3f0fa7e5427b2ae152c43e6a896a7694c0b0 \
    --hash=sha256:b2a95c93f0786b78ca5fbd753ff23525f33df761a11ba3bc8ffb114c51545f69 \
    --hash=sha256:b5a3cbe5bced4b0993e93737000c49c574786cebca314d1bed725cd44114645c \
    --hash=sha256:c57f6405bd00511fcce21aba34ffda8052f4478cd7f0a780607774cdc83bcaf5 \
    --hash=sha256:c9b9e98a1864d59dc67bb3a324a74a3eb92542e8fadb09575522097f51a54248 \
    --hash=sha256:cdf8c0a1643a840a2aa4245edf38b35eac19985550fda8771862f9f1c4b12e77 \
    --hash=sha256:d5d34d0c33155af30291c032874605e2bcd164f2d10451bda4dd9a9c4e80b301 \
    --hash=sha256:d90f6c838291212acc9483f8115660c9a93595d4d4f6b3acd79f69e9da865874 \
    --hash=sha256:da0887ac090c327a97a366f6b0b5ec8bfdb28836c20a1afcc4ee5c1bbbd31149 \
    --hash=sha256:e79b9a3f3694aca913ec0fcc60c77961ff669cee85eaa91e5400c1d2e24d7e8a \
    --hash=sha256:e90a7dafdffc03cac4d69df26d8b5ef2f0999e78fba41c59a31e18de7b6e2377 \
    --hash=sha256:ecb71e23d9fa7cdd3a5fab4fbc56819317276bc457381d8f6a21a7493a49465c
    # via -r artifacts/macos/requirements.in
typing-extensions==4.16.0 \
    --hash=sha256:481caa481374e813c1b176ada14e97f1f67a4539ce9cfeb3f350d78d6370c2e8 \
    --hash=sha256:dc983d19a509c94dba722ee6abd33940f7c05a89e243c47e907eb4db6f1a43e5
    # via etils
zipp==4.1.0 \
    --hash=sha256:25ad4e16390cd314347dd8f1de67a2ac538ae658ed4ab9db16029c07c188e97f \
    --hash=sha256:4cb57381f544315db7688e976e922a2b18cdb513d21cc194eb42232ba2a3e602
    # via etils
